
Microsoft Visual Studio Solution File, Format Version 12.00
# Visual Studio Version 17
VisualStudioVersion = 17.2.32516.85
MinimumVisualStudioVersion = 10.0.40219.1
Project("{FAE04EC0-301F-11D3-BF4B-00C04F79EFBC}") = "GetData_EndOfDay", "GetData_EndOfDay\GetData_EndOfDay.csproj", "{CA3E4CA4-1E79-4DEB-A148-2FFD5BC6CDA5}"
EndProject
Global
	GlobalSection(SolutionConfigurationPlatforms) = preSolution
		Debug|Any CPU = Debug|Any CPU
		Release|Any CPU = Release|Any CPU
	EndGlobalSection
	GlobalSection(ProjectConfigurationPlatforms) = postSolution
		{CA3E4CA4-1E79-4DEB-A148-2FFD5BC6CDA5}.Debug|Any CPU.ActiveCfg = Debug|Any CPU
		{CA3E4CA4-1E79-4DEB-A148-2FFD5BC6CDA5}.Debug|Any CPU.Build.0 = Debug|Any CPU
		{CA3E4CA4-1E79-4DEB-A148-2FFD5BC6CDA5}.Release|Any CPU.ActiveCfg = Release|Any CPU
		{CA3E4CA4-1E79-4DEB-A148-2FFD5BC6CDA5}.Release|Any CPU.Build.0 = Release|Any CPU
	EndGlobalSection
	GlobalSection(SolutionProperties) = preSolution
		HideSolutionNode = FALSE
	EndGlobalSection
	GlobalSection(ExtensibilityGlobals) = postSolution
		SolutionGuid = {159D288B-FD55-4EA6-B857-6DEFA527D606}
	EndGlobalSection
EndGlobal
